
Microsoft Visual Studio Solution File, Format Version 12.00
# Visual Studio Version 16
VisualStudioVersion = 16.0.31702.278
MinimumVisualStudioVersion = 10.0.40219.1
Project("{FAE04EC0-301F-11D3-BF4B-00C04F79EFBC}") = "Loops Strings", "Loops Strings\Loops Strings.csproj", "{2B860A36-B64F-4DD0-9609-D3E6CD989218}"
EndProject
Global
	GlobalSection(SolutionConfigurationPlatforms) = preSolution
		Debug|Any CPU = Debug|Any CPU
		Release|Any CPU = Release|Any CPU
	EndGlobalSection
	GlobalSection(ProjectConfigurationPlatforms) = postSolution
		{2B860A36-B64F-4DD0-9609-D3E6CD989218}.Debug|Any CPU.ActiveCfg = Debug|Any CPU
		{2B860A36-B64F-4DD0-9609-D3E6CD989218}.Debug|Any CPU.Build.0 = Debug|Any CPU
		{2B860A36-B64F-4DD0-9609-D3E6CD989218}.Release|Any CPU.ActiveCfg = Release|Any CPU
		{2B860A36-B64F-4DD0-9609-D3E6CD989218}.Release|Any CPU.Build.0 = Release|Any CPU
	EndGlobalSection
	GlobalSection(SolutionProperties) = preSolution
		HideSolutionNode = FALSE
	EndGlobalSection
	GlobalSection(ExtensibilityGlobals) = postSolution
		SolutionGuid = {01A004E7-B2EC-407F-B6E9-37EA2BB8D991}
	EndGlobalSection
EndGlobal
